// !$*UTF8*$!
{
	archiveVersion = 1;
	classes = {
	};
	objectVersion = 55;
	objects = {

/* Begin PBXBuildFile section */
		9E1DBFDA27F9DF8500567931 /* DistributionView.swift in Sources */ = {isa = PBXBuildFile; fileRef = 9E1DBFD927F9DF8500567931 /* DistributionView.swift */; };
		9E23EAEA27F4453E00C8AA2D /* SignUpView.swift in Sources */ = {isa = PBXBuildFile; fileRef = 9E23EAE927F4453E00C8AA2D /* SignUpView.swift */; };
		9E23EAEC27F446B500C8AA2D /* CredentialsView.swift in Sources */ = {isa = PBXBuildFile; fileRef = 9E23EAEB27F446B500C8AA2D /* CredentialsView.swift */; };
		9E23EAEF27F4541200C8AA2D /* SplitView.swift in Sources */ = {isa = PBXBuildFile; fileRef = 9E23EAEE27F4541200C8AA2D /* SplitView.swift */; };
		9E2A57D0280732E400005AEE /* HistoricSplitView.swift in Sources */ = {isa = PBXBuildFile; fileRef = 9E2A57CF280732E400005AEE /* HistoricSplitView.swift */; };
		9E315E7527FDBB7F00D21680 /* MainView.swift in Sources */ = {isa = PBXBuildFile; fileRef = 9E315E7427FDBB7F00D21680 /* MainView.swift */; };
		9E315E7727FDBE5100D21680 /* IconActionButtonView.swift in Sources */ = {isa = PBXBuildFile; fileRef = 9E315E7627FDBE5100D21680 /* IconActionButtonView.swift */; };
		9E315E7927FDC63200D21680 /* GoogleService-Info.plist in Resources */ = {isa = PBXBuildFile; fileRef = 9E315E7827FDC63200D21680 /* GoogleService-Info.plist */; };
		9E315E7C27FDCFD700D21680 /* LoginCredentials.swift in Sources */ = {isa = PBXBuildFile; fileRef = 9E315E7B27FDCFD700D21680 /* LoginCredentials.swift */; };
		9E315E7F27FDD05F00D21680 /* LoginService.swift in Sources */ = {isa = PBXBuildFile; fileRef = 9E315E7E27FDD05F00D21680 /* LoginService.swift */; };
		9E315E8227FDD15400D21680 /* LoginViewModel.swift in Sources */ = {isa = PBXBuildFile; fileRef = 9E315E8127FDD15400D21680 /* LoginViewModel.swift */; };
		9E3A571727FDEDF000D3F98A /* SessionUserDetails.swift in Sources */ = {isa = PBXBuildFile; fileRef = 9E3A571627FDEDF000D3F98A /* SessionUserDetails.swift */; };
		9E3A571A27FDEE2B00D3F98A /* SessionService.swift in Sources */ = {isa = PBXBuildFile; fileRef = 9E3A571927FDEE2B00D3F98A /* SessionService.swift */; };
		9E3A571D27FDF72500D3F98A /* InputTextFieldView.swift in Sources */ = {isa = PBXBuildFile; fileRef = 9E3A571C27FDF72500D3F98A /* InputTextFieldView.swift */; };
		9E3A571F27FDFA1700D3F98A /* RegistrationDetails.swift in Sources */ = {isa = PBXBuildFile; fileRef = 9E3A571E27FDFA1700D3F98A /* RegistrationDetails.swift */; };
		9E3A572227FDFAA300D3F98A /* RegistrationService.swift in Sources */ = {isa = PBXBuildFile; fileRef = 9E3A572127FDFAA300D3F98A /* RegistrationService.swift */; };
		9E4092CB2815847200C4B3A4 /* SessionSplitUserDetails.swift in Sources */ = {isa = PBXBuildFile; fileRef = 9E4092CA2815847200C4B3A4 /* SessionSplitUserDetails.swift */; };
		9E46C4A327F34C3700A05950 /* LoginView.swift in Sources */ = {isa = PBXBuildFile; fileRef = 9E46C4A227F34C3700A05950 /* LoginView.swift */; };
		9E72D1A728242AEE00488C95 /* ForgotPasswordView.swift in Sources */ = {isa = PBXBuildFile; fileRef = 9E72D1A628242AEE00488C95 /* ForgotPasswordView.swift */; };
		9E72D1AA28242B4B00488C95 /* ForgotPasswordService.swift in Sources */ = {isa = PBXBuildFile; fileRef = 9E72D1A928242B4B00488C95 /* ForgotPasswordService.swift */; };
		9E72D1AD28242C1800488C95 /* ForgotPasswordViewModel.swift in Sources */ = {isa = PBXBuildFile; fileRef = 9E72D1AC28242C1800488C95 /* ForgotPasswordViewModel.swift */; };
		9EA9B9BC27FB8904008D4E3A /* ProfileView.swift in Sources */ = {isa = PBXBuildFile; fileRef = 9EA9B9BB27FB8904008D4E3A /* ProfileView.swift */; };
		9EB9361D2801DE6900A246A0 /* RegistrationViewModel.swift in Sources */ = {isa = PBXBuildFile; fileRef = 9EB9361C2801DE6900A246A0 /* RegistrationViewModel.swift */; };
		9EC1054727EF070000012D48 /* SplitPayApp.swift in Sources */ = {isa = PBXBuildFile; fileRef = 9EC1054627EF070000012D48 /* SplitPayApp.swift */; };
		9EC1054B27EF070100012D48 /* Assets.xcassets in Resources */ = {isa = PBXBuildFile; fileRef = 9EC1054A27EF070100012D48 /* Assets.xcassets */; };
		9EC1054E27EF070100012D48 /* Preview Assets.xcassets in Resources */ = {isa = PBXBuildFile; fileRef = 9EC1054D27EF070100012D48 /* Preview Assets.xcassets */; };
		9ED56EB0280D5DB0007ACFB2 /* SplitingService.swift in Sources */ = {isa = PBXBuildFile; fileRef = 9ED56EAF280D5DB0007ACFB2 /* SplitingService.swift */; };
		9ED56EB3280D66FC007ACFB2 /* SplitingViewModel.swift in Sources */ = {isa = PBXBuildFile; fileRef = 9ED56EB2280D66FC007ACFB2 /* SplitingViewModel.swift */; };
		9EDFF82427F369D000CDC228 /* ActionButtonView.swift in Sources */ = {isa = PBXBuildFile; fileRef = 9EDFF82327F369D000CDC228 /* ActionButtonView.swift */; };
		9EDFF82727F36BB400CDC228 /* PasswordTextFieldView.swift in Sources */ = {isa = PBXBuildFile; fileRef = 9EDFF82627F36BB400CDC228 /* PasswordTextFieldView.swift */; };
		9EDFF82927F36DBE00CDC228 /* EmailTextFieldView.swift in Sources */ = {isa = PBXBuildFile; fileRef = 9EDFF82827F36DBE00CDC228 /* EmailTextFieldView.swift */; };
		9EE379362809BB4A00C30417 /* SplitingDetails.swift in Sources */ = {isa = PBXBuildFile; fileRef = 9EE379352809BB4A00C30417 /* SplitingDetails.swift */; };
		9EFE1EBB2837F93000C5B9DB /* HistoricDetailsSplitView.swift in Sources */ = {isa = PBXBuildFile; fileRef = 9EFE1EBA2837F93000C5B9DB /* HistoricDetailsSplitView.swift */; };
		A60F7679369A154E58595D81 /* Pods_SplitPay.framework in Frameworks */ = {isa = PBXBuildFile; fileRef = 368860DC998BA64E977AC799 /* Pods_SplitPay.framework */; };
/* End PBXBuildFile section */

/* Begin PBXFileReference section */
		27D75BE03C31C6BC56D0E437 /* Pods-SplitPay.release.xcconfig */ = {isa = PBXFileReference; includeInIndex = 1; lastKnownFileType = text.xcconfig; name = "Pods-SplitPay.release.xcconfig"; path = "Target Support Files/Pods-SplitPay/Pods-SplitPay.release.xcconfig"; sourceTree = "<group>"; };
		368860DC998BA64E977AC799 /* Pods_SplitPay.framework */ = {isa = PBXFileReference; explicitFileType = wrapper.framework; includeInIndex = 0; path = Pods_SplitPay.framework; sourceTree = BUILT_PRODUCTS_DIR; };
		9E1DBFD927F9DF8500567931 /* DistributionView.swift */ = {isa = PBXFileReference; lastKnownFileType = sourcecode.swift; path = DistributionView.swift; sourceTree = "<group>"; };
		9E23EAE927F4453E00C8AA2D /* SignUpView.swift */ = {isa = PBXFileReference; lastKnownFileType = sourcecode.swift; path = SignUpView.swift; sourceTree = "<group>"; };
		9E23EAEB27F446B500C8AA2D /* CredentialsView.swift */ = {isa = PBXFileReference; lastKnownFileType = sourcecode.swift; path = CredentialsView.swift; sourceTree = "<group>"; };
		9E23EAEE27F4541200C8AA2D /* SplitView.swift */ = {isa = PBXFileReference; lastKnownFileType = sourcecode.swift; path = SplitView.swift; sourceTree = "<group>"; };
		9E2A57CF280732E400005AEE /* HistoricSplitView.swift */ = {isa = PBXFileReference; lastKnownFileType = sourcecode.swift; path = HistoricSplitView.swift; sourceTree = "<group>"; };
		9E315E7427FDBB7F00D21680 /* MainView.swift */ = {isa = PBXFileReference; lastKnownFileType = sourcecode.swift; path = MainView.swift; sourceTree = "<group>"; };
		9E315E7627FDBE5100D21680 /* IconActionButtonView.swift */ = {isa = PBXFileReference; lastKnownFileType = sourcecode.swift; path = IconActionButtonView.swift; sourceTree = "<group>"; };
		9E315E7827FDC63200D21680 /* GoogleService-Info.plist */ = {isa = PBXFileReference; fileEncoding = 4; lastKnownFileType = text.plist.xml; path = "GoogleService-Info.plist"; sourceTree = "<group>"; };
		9E315E7B27FDCFD700D21680 /* LoginCredentials.swift */ = {isa = PBXFileReference; lastKnownFileType = sourcecode.swift; path = LoginCredentials.swift; sourceTree = "<group>"; };
		9E315E7E27FDD05F00D21680 /* LoginService.swift */ = {isa = PBXFileReference; lastKnownFileType = sourcecode.swift; path = LoginService.swift; sourceTree = "<group>"; };
		9E315E8127FDD15400D21680 /* LoginViewModel.swift */ = {isa = PBXFileReference; lastKnownFileType = sourcecode.swift; path = LoginViewModel.swift; sourceTree = "<group>"; };
		9E3A571627FDEDF000D3F98A /* SessionUserDetails.swift */ = {isa = PBXFileReference; lastKnownFileType = sourcecode.swift; path = SessionUserDetails.swift; sourceTree = "<group>"; };
		9E3A571927FDEE2B00D3F98A /* SessionService.swift */ = {isa = PBXFileReference; lastKnownFileType = sourcecode.swift; path = SessionService.swift; sourceTree = "<group>"; };
		9E3A571C27FDF72500D3F98A /* InputTextFieldView.swift */ = {isa = PBXFileReference; lastKnownFileType = sourcecode.swift; path = InputTextFieldView.swift; sourceTree = "<group>"; };
		9E3A571E27FDFA1700D3F98A /* RegistrationDetails.swift */ = {isa = PBXFileReference; lastKnownFileType = sourcecode.swift; path = RegistrationDetails.swift; sourceTree = "<group>"; };
		9E3A572127FDFAA300D3F98A /* RegistrationService.swift */ = {isa = PBXFileReference; lastKnownFileType = sourcecode.swift; path = RegistrationService.swift; sourceTree = "<group>"; };
		9E4092CA2815847200C4B3A4 /* SessionSplitUserDetails.swift */ = {isa = PBXFileReference; lastKnownFileType = sourcecode.swift; path = SessionSplitUserDetails.swift; sourceTree = "<group>"; };
		9E46C4A227F34C3700A05950 /* LoginView.swift */ = {isa = PBXFileReference; lastKnownFileType = sourcecode.swift; path = LoginView.swift; sourceTree = "<group>"; };
		9E72D1A628242AEE00488C95 /* ForgotPasswordView.swift */ = {isa = PBXFileReference; lastKnownFileType = sourcecode.swift; path = ForgotPasswordView.swift; sourceTree = "<group>"; };
		9E72D1A928242B4B00488C95 /* ForgotPasswordService.swift */ = {isa = PBXFileReference; lastKnownFileType = sourcecode.swift; path = ForgotPasswordService.swift; sourceTree = "<group>"; };
		9E72D1AC28242C1800488C95 /* ForgotPasswordViewModel.swift */ = {isa = PBXFileReference; lastKnownFileType = sourcecode.swift; path = ForgotPasswordViewModel.swift; sourceTree = "<group>"; };
		9EA9B9BB27FB8904008D4E3A /* ProfileView.swift */ = {isa = PBXFileReference; lastKnownFileType = sourcecode.swift; path = ProfileView.swift; sourceTree = "<group>"; };
		9EB9361C2801DE6900A246A0 /* RegistrationViewModel.swift */ = {isa = PBXFileReference; lastKnownFileType = sourcecode.swift; path = RegistrationViewModel.swift; sourceTree = "<group>"; };
		9EC1054327EF070000012D48 /* SplitPay.app */ = {isa = PBXFileReference; explicitFileType = wrapper.application; includeInIndex = 0; path = SplitPay.app; sourceTree = BUILT_PRODUCTS_DIR; };
		9EC1054627EF070000012D48 /* SplitPayApp.swift */ = {isa = PBXFileReference; lastKnownFileType = sourcecode.swift; path = SplitPayApp.swift; sourceTree = "<group>"; };
		9EC1054A27EF070100012D48 /* Assets.xcassets */ = {isa = PBXFileReference; lastKnownFileType = folder.assetcatalog; path = Assets.xcassets; sourceTree = "<group>"; };
		9EC1054D27EF070100012D48 /* Preview Assets.xcassets */ = {isa = PBXFileReference; lastKnownFileType = folder.assetcatalog; path = "Preview Assets.xcassets"; sourceTree = "<group>"; };
		9ED56EAF280D5DB0007ACFB2 /* SplitingService.swift */ = {isa = PBXFileReference; lastKnownFileType = sourcecode.swift; path = SplitingService.swift; sourceTree = "<group>"; };
		9ED56EB2280D66FC007ACFB2 /* SplitingViewModel.swift */ = {isa = PBXFileReference; lastKnownFileType = sourcecode.swift; path = SplitingViewModel.swift; sourceTree = "<group>"; };
		9EDFF82327F369D000CDC228 /* ActionButtonView.swift */ = {isa = PBXFileReference; lastKnownFileType = sourcecode.swift; path = ActionButtonView.swift; sourceTree = "<group>"; };
		9EDFF82627F36BB400CDC228 /* PasswordTextFieldView.swift */ = {isa = PBXFileReference; lastKnownFileType = sourcecode.swift; path = PasswordTextFieldView.swift; sourceTree = "<group>"; };
		9EDFF82827F36DBE00CDC228 /* EmailTextFieldView.swift */ = {isa = PBXFileReference; lastKnownFileType = sourcecode.swift; path = EmailTextFieldView.swift; sourceTree = "<group>"; };
		9EE379352809BB4A00C30417 /* SplitingDetails.swift */ = {isa = PBXFileReference; lastKnownFileType = sourcecode.swift; path = SplitingDetails.swift; sourceTree = "<group>"; };
		9EFE1EBA2837F93000C5B9DB /* HistoricDetailsSplitView.swift */ = {isa = PBXFileReference; lastKnownFileType = sourcecode.swift; path = HistoricDetailsSplitView.swift; sourceTree = "<group>"; };
		AACDE003F0625D627277FA75 /* Pods-SplitPay.debug.xcconfig */ = {isa = PBXFileReference; includeInIndex = 1; lastKnownFileType = text.xcconfig; name = "Pods-SplitPay.debug.xcconfig"; path = "Target Support Files/Pods-SplitPay/Pods-SplitPay.debug.xcconfig"; sourceTree = "<group>"; };
/* End PBXFileReference section */

/* Begin PBXFrameworksBuildPhase section */
		9EC1054027EF070000012D48 /* Frameworks */ = {
			isa = PBXFrameworksBuildPhase;
			buildActionMask = 2147483647;
			files = (
				A60F7679369A154E58595D81 /* Pods_SplitPay.framework in Frameworks */,
			);
			runOnlyForDeploymentPostprocessing = 0;
		};
/* End PBXFrameworksBuildPhase section */

/* Begin PBXGroup section */
		21CB7B619F74841F6620373A /* Pods */ = {
			isa = PBXGroup;
			children = (
				AACDE003F0625D627277FA75 /* Pods-SplitPay.debug.xcconfig */,
				27D75BE03C31C6BC56D0E437 /* Pods-SplitPay.release.xcconfig */,
			);
			path = Pods;
			sourceTree = "<group>";
		};
		9E23EAED27F4514D00C8AA2D /* Views */ = {
			isa = PBXGroup;
			children = (
				9E315E7A27FDCFBC00D21680 /* Login */,
				9E3A571B27FDF12600D3F98A /* SignIn */,
				9E72D1A828242AF400488C95 /* ForgotPassword */,
				9E23EAEB27F446B500C8AA2D /* CredentialsView.swift */,
				9EE379372809BB4E00C30417 /* Split */,
				9E80B47F28244A84005C8749 /* Historic */,
				9E1DBFD927F9DF8500567931 /* DistributionView.swift */,
				9EA9B9BB27FB8904008D4E3A /* ProfileView.swift */,
			);
			path = Views;
			sourceTree = "<group>";
		};
		9E315E7A27FDCFBC00D21680 /* Login */ = {
			isa = PBXGroup;
			children = (
				9E46C4A227F34C3700A05950 /* LoginView.swift */,
				9E315E7D27FDCFDB00D21680 /* Model */,
				9E315E8027FDD06300D21680 /* Service */,
				9E315E8327FDD15700D21680 /* ViewModel */,
			);
			path = Login;
			sourceTree = "<group>";
		};
		9E315E7D27FDCFDB00D21680 /* Model */ = {
			isa = PBXGroup;
			children = (
				9E315E7B27FDCFD700D21680 /* LoginCredentials.swift */,
			);
			path = Model;
			sourceTree = "<group>";
		};
		9E315E8027FDD06300D21680 /* Service */ = {
			isa = PBXGroup;
			children = (
				9E315E7E27FDD05F00D21680 /* LoginService.swift */,
			);
			path = Service;
			sourceTree = "<group>";
		};
		9E315E8327FDD15700D21680 /* ViewModel */ = {
			isa = PBXGroup;
			children = (
				9E315E8127FDD15400D21680 /* LoginViewModel.swift */,
			);
			path = ViewModel;
			sourceTree = "<group>";
		};
		9E3A571827FDEDF700D3F98A /* Session */ = {
			isa = PBXGroup;
			children = (
				9E3A571627FDEDF000D3F98A /* SessionUserDetails.swift */,
				9E4092CA2815847200C4B3A4 /* SessionSplitUserDetails.swift */,
				9E3A571927FDEE2B00D3F98A /* SessionService.swift */,
			);
			path = Session;
			sourceTree = "<group>";
		};
		9E3A571B27FDF12600D3F98A /* SignIn */ = {
			isa = PBXGroup;
			children = (
				9E23EAE927F4453E00C8AA2D /* SignUpView.swift */,
				9EB9361E2801DE6E00A246A0 /* ViewModel */,
				9E3A572027FDFA1D00D3F98A /* Model */,
				9E3A572327FDFAA800D3F98A /* Service */,
			);
			path = SignIn;
			sourceTree = "<group>";
		};
		9E3A572027FDFA1D00D3F98A /* Model */ = {
			isa = PBXGroup;
			children = (
				9E3A571E27FDFA1700D3F98A /* RegistrationDetails.swift */,
			);
			path = Model;
			sourceTree = "<group>";
		};
		9E3A572327FDFAA800D3F98A /* Service */ = {
			isa = PBXGroup;
			children = (
				9E3A572127FDFAA300D3F98A /* RegistrationService.swift */,
			);
			path = Service;
			sourceTree = "<group>";
		};
		9E72D1A828242AF400488C95 /* ForgotPassword */ = {
			isa = PBXGroup;
			children = (
				9E72D1A628242AEE00488C95 /* ForgotPasswordView.swift */,
				9E72D1AE28242C1C00488C95 /* ViewModel */,
				9E72D1AB28242B5100488C95 /* Service */,
			);
			path = ForgotPassword;
			sourceTree = "<group>";
		};
		9E72D1AB28242B5100488C95 /* Service */ = {
			isa = PBXGroup;
			children = (
				9E72D1A928242B4B00488C95 /* ForgotPasswordService.swift */,
			);
			path = Service;
			sourceTree = "<group>";
		};
		9E72D1AE28242C1C00488C95 /* ViewModel */ = {
			isa = PBXGroup;
			children = (
				9E72D1AC28242C1800488C95 /* ForgotPasswordViewModel.swift */,
			);
			path = ViewModel;
			sourceTree = "<group>";
		};
		9E80B47F28244A84005C8749 /* Historic */ = {
			isa = PBXGroup;
			children = (
				9E2A57CF280732E400005AEE /* HistoricSplitView.swift */,
				9EFE1EBA2837F93000C5B9DB /* HistoricDetailsSplitView.swift */,
			);
			path = Historic;
			sourceTree = "<group>";
		};
		9EB9361E2801DE6E00A246A0 /* ViewModel */ = {
			isa = PBXGroup;
			children = (
				9EB9361C2801DE6900A246A0 /* RegistrationViewModel.swift */,
			);
			path = ViewModel;
			sourceTree = "<group>";
		};
		9EC1053A27EF070000012D48 = {
			isa = PBXGroup;
			children = (
				9EC1054527EF070000012D48 /* SplitPay */,
				9EC1054427EF070000012D48 /* Products */,
				21CB7B619F74841F6620373A /* Pods */,
				A6D90A75CF2E5A8E603B3AD8 /* Frameworks */,
			);
			sourceTree = "<group>";
		};
		9EC1054427EF070000012D48 /* Products */ = {
			isa = PBXGroup;
			children = (
				9EC1054327EF070000012D48 /* SplitPay.app */,
			);
			name = Products;
			sourceTree = "<group>";
		};
		9EC1054527EF070000012D48 /* SplitPay */ = {
			isa = PBXGroup;
			children = (
				9EC1054627EF070000012D48 /* SplitPayApp.swift */,
				9E315E7427FDBB7F00D21680 /* MainView.swift */,
				9E23EAED27F4514D00C8AA2D /* Views */,
				9E3A571827FDEDF700D3F98A /* Session */,
				9EDFF82527F369D500CDC228 /* Components */,
				9EC1054A27EF070100012D48 /* Assets.xcassets */,
				9E315E7827FDC63200D21680 /* GoogleService-Info.plist */,
				9EC1054C27EF070100012D48 /* Preview Content */,
			);
			path = SplitPay;
			sourceTree = "<group>";
		};
		9EC1054C27EF070100012D48 /* Preview Content */ = {
			isa = PBXGroup;
			children = (
				9EC1054D27EF070100012D48 /* Preview Assets.xcassets */,
			);
			path = "Preview Content";
			sourceTree = "<group>";
		};
		9ED56EB1280D5DB5007ACFB2 /* Service */ = {
			isa = PBXGroup;
			children = (
				9ED56EAF280D5DB0007ACFB2 /* SplitingService.swift */,
			);
			path = Service;
			sourceTree = "<group>";
		};
		9ED56EB4280D6700007ACFB2 /* ViewModel */ = {
			isa = PBXGroup;
			children = (
				9ED56EB2280D66FC007ACFB2 /* SplitingViewModel.swift */,
			);
			path = ViewModel;
			sourceTree = "<group>";
		};
		9EDFF82527F369D500CDC228 /* Components */ = {
			isa = PBXGroup;
			children = (
				9EDFF82327F369D000CDC228 /* ActionButtonView.swift */,
				9EDFF82627F36BB400CDC228 /* PasswordTextFieldView.swift */,
				9EDFF82827F36DBE00CDC228 /* EmailTextFieldView.swift */,
				9E3A571C27FDF72500D3F98A /* InputTextFieldView.swift */,
				9E315E7627FDBE5100D21680 /* IconActionButtonView.swift */,
			);
			path = Components;
			sourceTree = "<group>";
		};
		9EE379372809BB4E00C30417 /* Split */ = {
			isa = PBXGroup;
			children = (
				9E23EAEE27F4541200C8AA2D /* SplitView.swift */,
				9EE379382809BB5600C30417 /* Model */,
				9ED56EB4280D6700007ACFB2 /* ViewModel */,
				9ED56EB1280D5DB5007ACFB2 /* Service */,
			);
			path = Split;
			sourceTree = "<group>";
		};
		9EE379382809BB5600C30417 /* Model */ = {
			isa = PBXGroup;
			children = (
				9EE379352809BB4A00C30417 /* SplitingDetails.swift */,
			);
			path = Model;
			sourceTree = "<group>";
		};
		A6D90A75CF2E5A8E603B3AD8 /* Frameworks */ = {
			isa = PBXGroup;
			children = (
				368860DC998BA64E977AC799 /* Pods_SplitPay.framework */,
			);
			name = Frameworks;
			sourceTree = "<group>";
		};
/* End PBXGroup section */

/* Begin PBXNativeTarget section */
		9EC1054227EF070000012D48 /* SplitPay */ = {
			isa = PBXNativeTarget;
			buildConfigurationList = 9EC1055127EF070100012D48 /* Build configuration list for PBXNativeTarget "SplitPay" */;
			buildPhases = (
				26C9E78652FA037E4AD7D864 /* [CP] Check Pods Manifest.lock */,
				9EC1053F27EF070000012D48 /* Sources */,
				9EC1054027EF070000012D48 /* Frameworks */,
				9EC1054127EF070000012D48 /* Resources */,
				CBBC797F2DA06837FE8A3C31 /* [CP] Embed Pods Frameworks */,
				E3003F7DF71330BA6098921A /* [CP] Copy Pods Resources */,
			);
			buildRules = (
			);
			dependencies = (
			);
			name = SplitPay;
			productName = SplitPay;
			productReference = 9EC1054327EF070000012D48 /* SplitPay.app */;
			productType = "com.apple.product-type.application";
		};
/* End PBXNativeTarget section */

/* Begin PBXProject section */
		9EC1053B27EF070000012D48 /* Project object */ = {
			isa = PBXProject;
			attributes = {
				BuildIndependentTargetsInParallel = 1;
				LastSwiftUpdateCheck = 1320;
				LastUpgradeCheck = 1320;
				TargetAttributes = {
					9EC1054227EF070000012D48 = {
						CreatedOnToolsVersion = 13.2.1;
					};
				};
			};
			buildConfigurationList = 9EC1053E27EF070000012D48 /* Build configuration list for PBXProject "SplitPay" */;
			compatibilityVersion = "Xcode 13.0";
			developmentRegion = en;
			hasScannedForEncodings = 0;
			knownRegions = (
				en,
				Base,
			);
			mainGroup = 9EC1053A27EF070000012D48;
			productRefGroup = 9EC1054427EF070000012D48 /* Products */;
			projectDirPath = "";
			projectRoot = "";
			targets = (
				9EC1054227EF070000012D48 /* SplitPay */,
			);
		};
/* End PBXProject section */

/* Begin PBXResourcesBuildPhase section */
		9EC1054127EF070000012D48 /* Resources */ = {
			isa = PBXResourcesBuildPhase;
			buildActionMask = 2147483647;
			files = (
				9EC1054E27EF070100012D48 /* Preview Assets.xcassets in Resources */,
				9EC1054B27EF070100012D48 /* Assets.xcassets in Resources */,
				9E315E7927FDC63200D21680 /* GoogleService-Info.plist in Resources */,
			);
			runOnlyForDeploymentPostprocessing = 0;
		};
/* End PBXResourcesBuildPhase section */

/* Begin PBXShellScriptBuildPhase section */
		26C9E78652FA037E4AD7D864 /* [CP] Check Pods Manifest.lock */ = {
			isa = PBXShellScriptBuildPhase;
			buildActionMask = 2147483647;
			files = (
			);
			inputFileListPaths = (
			);
			inputPaths = (
				"${PODS_PODFILE_DIR_PATH}/Podfile.lock",
				"${PODS_ROOT}/Manifest.lock",
			);
			name = "[CP] Check Pods Manifest.lock";
			outputFileListPaths = (
			);
			outputPaths = (
				"$(DERIVED_FILE_DIR)/Pods-SplitPay-checkManifestLockResult.txt",
			);
			runOnlyForDeploymentPostprocessing = 0;
			shellPath = /bin/sh;
			shellScript = "diff \"${PODS_PODFILE_DIR_PATH}/Podfile.lock\" \"${PODS_ROOT}/Manifest.lock\" > /dev/null\nif [ $? != 0 ] ; then\n    # print error to STDERR\n    echo \"error: The sandbox is not in sync with the Podfile.lock. Run 'pod install' or update your CocoaPods installation.\" >&2\n    exit 1\nfi\n# This output is used by Xcode 'outputs' to avoid re-running this script phase.\necho \"SUCCESS\" > \"${SCRIPT_OUTPUT_FILE_0}\"\n";
			showEnvVarsInLog = 0;
		};
		CBBC797F2DA06837FE8A3C31 /* [CP] Embed Pods Frameworks */ = {
			isa = PBXShellScriptBuildPhase;
			buildActionMask = 2147483647;
			files = (
			);
			inputFileListPaths = (
				"${PODS_ROOT}/Target Support Files/Pods-SplitPay/Pods-SplitPay-frameworks-${CONFIGURATION}-input-files.xcfilelist",
			);
			name = "[CP] Embed Pods Frameworks";
			outputFileListPaths = (
				"${PODS_ROOT}/Target Support Files/Pods-SplitPay/Pods-SplitPay-frameworks-${CONFIGURATION}-output-files.xcfilelist",
			);
			runOnlyForDeploymentPostprocessing = 0;
			shellPath = /bin/sh;
			shellScript = "\"${PODS_ROOT}/Target Support Files/Pods-SplitPay/Pods-SplitPay-frameworks.sh\"\n";
			showEnvVarsInLog = 0;
		};
		E3003F7DF71330BA6098921A /* [CP] Copy Pods Resources */ = {
			isa = PBXShellScriptBuildPhase;
			buildActionMask = 2147483647;
			files = (
			);
			inputFileListPaths = (
				"${PODS_ROOT}/Target Support Files/Pods-SplitPay/Pods-SplitPay-resources-${CONFIGURATION}-input-files.xcfilelist",
			);
			name = "[CP] Copy Pods Resources";
			outputFileListPaths = (
				"${PODS_ROOT}/Target Support Files/Pods-SplitPay/Pods-SplitPay-resources-${CONFIGURATION}-output-files.xcfilelist",
			);
			runOnlyForDeploymentPostprocessing = 0;
			shellPath = /bin/sh;
			shellScript = "\"${PODS_ROOT}/Target Support Files/Pods-SplitPay/Pods-SplitPay-resources.sh\"\n";
			showEnvVarsInLog = 0;
		};
/* End PBXShellScriptBuildPhase section */

/* Begin PBXSourcesBuildPhase section */
		9EC1053F27EF070000012D48 /* Sources */ = {
			isa = PBXSourcesBuildPhase;
			buildActionMask = 2147483647;
			files = (
				9EFE1EBB2837F93000C5B9DB /* HistoricDetailsSplitView.swift in Sources */,
				9E46C4A327F34C3700A05950 /* LoginView.swift in Sources */,
				9EDFF82927F36DBE00CDC228 /* EmailTextFieldView.swift in Sources */,
				9EDFF82427F369D000CDC228 /* ActionButtonView.swift in Sources */,
				9ED56EB0280D5DB0007ACFB2 /* SplitingService.swift in Sources */,
				9E315E7727FDBE5100D21680 /* IconActionButtonView.swift in Sources */,
				9EE379362809BB4A00C30417 /* SplitingDetails.swift in Sources */,
				9E2A57D0280732E400005AEE /* HistoricSplitView.swift in Sources */,
				9E72D1A728242AEE00488C95 /* ForgotPasswordView.swift in Sources */,
				9E23EAEF27F4541200C8AA2D /* SplitView.swift in Sources */,
				9EC1054727EF070000012D48 /* SplitPayApp.swift in Sources */,
				9E315E7C27FDCFD700D21680 /* LoginCredentials.swift in Sources */,
				9E1DBFDA27F9DF8500567931 /* DistributionView.swift in Sources */,
				9E315E8227FDD15400D21680 /* LoginViewModel.swift in Sources */,
				9E72D1AD28242C1800488C95 /* ForgotPasswordViewModel.swift in Sources */,
				9E23EAEA27F4453E00C8AA2D /* SignUpView.swift in Sources */,
				9EB9361D2801DE6900A246A0 /* RegistrationViewModel.swift in Sources */,
				9EDFF82727F36BB400CDC228 /* PasswordTextFieldView.swift in Sources */,
				9E3A571A27FDEE2B00D3F98A /* SessionService.swift in Sources */,
				9EA9B9BC27FB8904008D4E3A /* ProfileView.swift in Sources */,
				9E4092CB2815847200C4B3A4 /* SessionSplitUserDetails.swift in Sources */,
				9E3A571727FDEDF000D3F98A /* SessionUserDetails.swift in Sources */,
				9E315E7527FDBB7F00D21680 /* MainView.swift in Sources */,
				9E23EAEC27F446B500C8AA2D /* CredentialsView.swift in Sources */,
				9E3A572227FDFAA300D3F98A /* RegistrationService.swift in Sources */,
				9E3A571F27FDFA1700D3F98A /* RegistrationDetails.swift in Sources */,
				9E315E7F27FDD05F00D21680 /* LoginService.swift in Sources */,
				9ED56EB3280D66FC007ACFB2 /* SplitingViewModel.swift in Sources */,
				9E3A571D27FDF72500D3F98A /* InputTextFieldView.swift in Sources */,
				9E72D1AA28242B4B00488C95 /* ForgotPasswordService.swift in Sources */,
			);
			runOnlyForDeploymentPostprocessing = 0;
		};
/* End PBXSourcesBuildPhase section */

/* Begin XCBuildConfiguration section */
		9EC1054F27EF070100012D48 /* Debug */ = {
			isa = XCBuildConfiguration;
			buildSettings = {
				ALWAYS_SEARCH_USER_PATHS = NO;
				CLANG_ANALYZER_NONNULL = YES;
				CLANG_ANALYZER_NUMBER_OBJECT_CONVERSION = YES_AGGRESSIVE;
				CLANG_CXX_LANGUAGE_STANDARD = "gnu++17";
				CLANG_CXX_LIBRARY = "libc++";
				CLANG_ENABLE_MODULES = YES;
				CLANG_ENABLE_OBJC_ARC = YES;
				CLANG_ENABLE_OBJC_WEAK = YES;
				CLANG_WARN_BLOCK_CAPTURE_AUTORELEASING = YES;
				CLANG_WARN_BOOL_CONVERSION = YES;
				CLANG_WARN_COMMA = YES;
				CLANG_WARN_CONSTANT_CONVERSION = YES;
				CLANG_WARN_DEPRECATED_OBJC_IMPLEMENTATIONS = YES;
				CLANG_WARN_DIRECT_OBJC_ISA_USAGE = YES_ERROR;
				CLANG_WARN_DOCUMENTATION_COMMENTS = YES;
				CLANG_WARN_EMPTY_BODY = YES;
				CLANG_WARN_ENUM_CONVERSION = YES;
				CLANG_WARN_INFINITE_RECURSION = YES;
				CLANG_WARN_INT_CONVERSION = YES;
				CLANG_WARN_NON_LITERAL_NULL_CONVERSION = YES;
				CLANG_WARN_OBJC_IMPLICIT_RETAIN_SELF = YES;
				CLANG_WARN_OBJC_LITERAL_CONVERSION = YES;
				CLANG_WARN_OBJC_ROOT_CLASS = YES_ERROR;
				CLANG_WARN_QUOTED_INCLUDE_IN_FRAMEWORK_HEADER = YES;
				CLANG_WARN_RANGE_LOOP_ANALYSIS = YES;
				CLANG_WARN_STRICT_PROTOTYPES = YES;
				CLANG_WARN_SUSPICIOUS_MOVE = YES;
				CLANG_WARN_UNGUARDED_AVAILABILITY = YES_AGGRESSIVE;
				CLANG_WARN_UNREACHABLE_CODE = YES;
				CLANG_WARN__DUPLICATE_METHOD_MATCH = YES;
				COPY_PHASE_STRIP = NO;
				DEBUG_INFORMATION_FORMAT = dwarf;
				ENABLE_STRICT_OBJC_MSGSEND = YES;
				ENABLE_TESTABILITY = YES;
				GCC_C_LANGUAGE_STANDARD = gnu11;
				GCC_DYNAMIC_NO_PIC = NO;
				GCC_NO_COMMON_BLOCKS = YES;
				GCC_OPTIMIZATION_LEVEL = 0;
				GCC_PREPROCESSOR_DEFINITIONS = (
					"DEBUG=1",
					"$(inherited)",
				);
				GCC_WARN_64_TO_32_BIT_CONVERSION = YES;
				GCC_WARN_ABOUT_RETURN_TYPE = YES_ERROR;
				GCC_WARN_UNDECLARED_SELECTOR = YES;
				GCC_WARN_UNINITIALIZED_AUTOS = YES_AGGRESSIVE;
				GCC_WARN_UNUSED_FUNCTION = YES;
				GCC_WARN_UNUSED_VARIABLE = YES;
				IPHONEOS_DEPLOYMENT_TARGET = 15.2;
				MTL_ENABLE_DEBUG_INFO = INCLUDE_SOURCE;
				MTL_FAST_MATH = YES;
				ONLY_ACTIVE_ARCH = YES;
				SDKROOT = iphoneos;
				SWIFT_ACTIVE_COMPILATION_CONDITIONS = DEBUG;
				SWIFT_OPTIMIZATION_LEVEL = "-Onone";
			};
			name = Debug;
		};
		9EC1055027EF070100012D48 /* Release */ = {
			isa = XCBuildConfiguration;
			buildSettings = {
				ALWAYS_SEARCH_USER_PATHS = NO;
				CLANG_ANALYZER_NONNULL = YES;
				CLANG_ANALYZER_NUMBER_OBJECT_CONVERSION = YES_AGGRESSIVE;
				CLANG_CXX_LANGUAGE_STANDARD = "gnu++17";
				CLANG_CXX_LIBRARY = "libc++";
				CLANG_ENABLE_MODULES = YES;
				CLANG_ENABLE_OBJC_ARC = YES;
				CLANG_ENABLE_OBJC_WEAK = YES;
				CLANG_WARN_BLOCK_CAPTURE_AUTORELEASING = YES;
				CLANG_WARN_BOOL_CONVERSION = YES;
				CLANG_WARN_COMMA = YES;
				CLANG_WARN_CONSTANT_CONVERSION = YES;
				CLANG_WARN_DEPRECATED_OBJC_IMPLEMENTATIONS = YES;
				CLANG_WARN_DIRECT_OBJC_ISA_USAGE = YES_ERROR;
				CLANG_WARN_DOCUMENTATION_COMMENTS = YES;
				CLANG_WARN_EMPTY_BODY = YES;
				CLANG_WARN_ENUM_CONVERSION = YES;
				CLANG_WARN_INFINITE_RECURSION = YES;
				CLANG_WARN_INT_CONVERSION = YES;
				CLANG_WARN_NON_LITERAL_NULL_CONVERSION = YES;
				CLANG_WARN_OBJC_IMPLICIT_RETAIN_SELF = YES;
				CLANG_WARN_OBJC_LITERAL_CONVERSION = YES;
				CLANG_WARN_OBJC_ROOT_CLASS = YES_ERROR;
				CLANG_WARN_QUOTED_INCLUDE_IN_FRAMEWORK_HEADER = YES;
				CLANG_WARN_RANGE_LOOP_ANALYSIS = YES;
				CLANG_WARN_STRICT_PROTOTYPES = YES;
				CLANG_WARN_SUSPICIOUS_MOVE = YES;
				CLANG_WARN_UNGUARDED_AVAILABILITY = YES_AGGRESSIVE;
				CLANG_WARN_UNREACHABLE_CODE = YES;
				CLANG_WARN__DUPLICATE_METHOD_MATCH = YES;
				COPY_PHASE_STRIP = NO;
				DEBUG_INFORMATION_FORMAT = "dwarf-with-dsym";
				ENABLE_NS_ASSERTIONS = NO;
				ENABLE_STRICT_OBJC_MSGSEND = YES;
				GCC_C_LANGUAGE_STANDARD = gnu11;
				GCC_NO_COMMON_BLOCKS = YES;
				GCC_WARN_64_TO_32_BIT_CONVERSION = YES;
				GCC_WARN_ABOUT_RETURN_TYPE = YES_ERROR;
				GCC_WARN_UNDECLARED_SELECTOR = YES;
				GCC_WARN_UNINITIALIZED_AUTOS = YES_AGGRESSIVE;
				GCC_WARN_UNUSED_FUNCTION = YES;
				GCC_WARN_UNUSED_VARIABLE = YES;
				IPHONEOS_DEPLOYMENT_TARGET = 15.2;
				MTL_ENABLE_DEBUG_INFO = NO;
				MTL_FAST_MATH = YES;
				SDKROOT = iphoneos;
				SWIFT_COMPILATION_MODE = wholemodule;
				SWIFT_OPTIMIZATION_LEVEL = "-O";
				VALIDATE_PRODUCT = YES;
			};
			name = Release;
		};
		9EC1055227EF070100012D48 /* Debug */ = {
			isa = XCBuildConfiguration;
			baseConfigurationReference = AACDE003F0625D627277FA75 /* Pods-SplitPay.debug.xcconfig */;
			buildSettings = {
				ASSETCATALOG_COMPILER_APPICON_NAME = AppIcon;
				ASSETCATALOG_COMPILER_GLOBAL_ACCENT_COLOR_NAME = AccentColor;
				CODE_SIGN_STYLE = Automatic;
				CURRENT_PROJECT_VERSION = 1;
				DEVELOPMENT_ASSET_PATHS = "\"SplitPay/Preview Content\"";
				DEVELOPMENT_TEAM = 3D4DRXPTLN;
				ENABLE_PREVIEWS = YES;
				GENERATE_INFOPLIST_FILE = YES;
				INFOPLIST_KEY_UIApplicationSceneManifest_Generation = YES;
				INFOPLIST_KEY_UIApplicationSupportsIndirectInputEvents = YES;
				INFOPLIST_KEY_UILaunchScreen_Generation = YES;
				INFOPLIST_KEY_UISupportedInterfaceOrientations = UIInterfaceOrientationPortrait;
				INFOPLIST_KEY_UISupportedInterfaceOrientations_iPad = "UIInterfaceOrientationPortrait UIInterfaceOrientationPortraitUpsideDown UIInterfaceOrientationLandscapeLeft UIInterfaceOrientationLandscapeRight";
				INFOPLIST_KEY_UISupportedInterfaceOrientations_iPhone = "UIInterfaceOrientationPortrait UIInterfaceOrientationLandscapeLeft UIInterfaceOrientationLandscapeRight";
				IPHONEOS_DEPLOYMENT_TARGET = 15.0;
				LD_RUNPATH_SEARCH_PATHS = (
					"$(inherited)",
					"@executable_path/Frameworks",
				);
				MARKETING_VERSION = 1.0;
				PRODUCT_BUNDLE_IDENTIFIER = com.chailloleaudamien.SplitPay;
				PRODUCT_NAME = "$(TARGET_NAME)";
				SWIFT_EMIT_LOC_STRINGS = YES;
				SWIFT_VERSION = 5.0;
				TARGETED_DEVICE_FAMILY = 1;
			};
			name = Debug;
		};
		9EC1055327EF070100012D48 /* Release */ = {
			isa = XCBuildConfiguration;
			baseConfigurationReference = 27D75BE03C31C6BC56D0E437 /* Pods-SplitPay.release.xcconfig */;
			buildSettings = {
				ASSETCATALOG_COMPILER_APPICON_NAME = AppIcon;
				ASSETCATALOG_COMPILER_GLOBAL_ACCENT_COLOR_NAME = AccentColor;
				CODE_SIGN_STYLE = Automatic;
				CURRENT_PROJECT_VERSION = 1;
				DEVELOPMENT_ASSET_PATHS = "\"SplitPay/Preview Content\"";
				DEVELOPMENT_TEAM = 3D4DRXPTLN;
				ENABLE_PREVIEWS = YES;
				GENERATE_INFOPLIST_FILE = YES;
				INFOPLIST_KEY_UIApplicationSceneManifest_Generation = YES;
				INFOPLIST_KEY_UIApplicationSupportsIndirectInputEvents = YES;
				INFOPLIST_KEY_UILaunchScreen_Generation = YES;
				INFOPLIST_KEY_UISupportedInterfaceOrientations = UIInterfaceOrientationPortrait;
				INFOPLIST_KEY_UISupportedInterfaceOrientations_iPad = "UIInterfaceOrientationPortrait UIInterfaceOrientationPortraitUpsideDown UIInterfaceOrientationLandscapeLeft UIInterfaceOrientationLandscapeRight";
				INFOPLIST_KEY_UISupportedInterfaceOrientations_iPhone = "UIInterfaceOrientationPortrait UIInterfaceOrientationLandscapeLeft UIInterfaceOrientationLandscapeRight";
				IPHONEOS_DEPLOYMENT_TARGET = 15.0;
				LD_RUNPATH_SEARCH_PATHS = (
					"$(inherited)",
					"@executable_path/Frameworks",
				);
				MARKETING_VERSION = 1.0;
				PRODUCT_BUNDLE_IDENTIFIER = com.chailloleaudamien.SplitPay;
				PRODUCT_NAME = "$(TARGET_NAME)";
				SWIFT_EMIT_LOC_STRINGS = YES;
				SWIFT_VERSION = 5.0;
				TARGETED_DEVICE_FAMILY = 1;
			};
			name = Release;
		};
/* End XCBuildConfiguration section */

/* Begin XCConfigurationList section */
		9EC1053E27EF070000012D48 /* Build configuration list for PBXProject "SplitPay" */ = {
			isa = XCConfigurationList;
			buildConfigurations = (
				9EC1054F27EF070100012D48 /* Debug */,
				9EC1055027EF070100012D48 /* Release */,
			);
			defaultConfigurationIsVisible = 0;
			defaultConfigurationName = Release;
		};
		9EC1055127EF070100012D48 /* Build configuration list for PBXNativeTarget "SplitPay" */ = {
			isa = XCConfigurationList;
			buildConfigurations = (
				9EC1055227EF070100012D48 /* Debug */,
				9EC1055327EF070100012D48 /* Release */,
			);
			defaultConfigurationIsVisible = 0;
			defaultConfigurationName = Release;
		};
/* End XCConfigurationList section */
	};
	rootObject = 9EC1053B27EF070000012D48 /* Project object */;
}
